// !$*UTF8*$!
{
	archiveVersion = 1;
	classes = {
	};
	objectVersion = 55;
	objects = {

/* Begin PBXBuildFile section */
		1634A24C27E02BED0042DC40 /* AddNewListView.swift in Sources */ = {isa = PBXBuildFile; fileRef = 1634A24B27E02BED0042DC40 /* AddNewListView.swift */; };
		1634A24E27E030620042DC40 /* ColorListView.swift in Sources */ = {isa = PBXBuildFile; fileRef = 1634A24D27E030620042DC40 /* ColorListView.swift */; };
		1634A25127E061B80042DC40 /* Constants.swift in Sources */ = {isa = PBXBuildFile; fileRef = 1634A25027E061B80042DC40 /* Constants.swift */; };
		16706FB527E21A850033CCFE /* NSColorTransformer.swift in Sources */ = {isa = PBXBuildFile; fileRef = 16706FB427E21A850033CCFE /* NSColorTransformer.swift */; };
		167C382F27E3169B0046532E /* MyListsViewModel.swift in Sources */ = {isa = PBXBuildFile; fileRef = 167C382E27E3169B0046532E /* MyListsViewModel.swift */; };
		167C383127E388E70046532E /* MyListViewModel.swift in Sources */ = {isa = PBXBuildFile; fileRef = 167C383027E388E70046532E /* MyListViewModel.swift */; };
		167EA6F727D889A000C90E5D /* RemindersApp.swift in Sources */ = {isa = PBXBuildFile; fileRef = 167EA6F627D889A000C90E5D /* RemindersApp.swift */; };
		167EA6FB27D889A300C90E5D /* Assets.xcassets in Resources */ = {isa = PBXBuildFile; fileRef = 167EA6FA27D889A300C90E5D /* Assets.xcassets */; };
		167EA6FE27D889A300C90E5D /* Preview Assets.xcassets in Resources */ = {isa = PBXBuildFile; fileRef = 167EA6FD27D889A300C90E5D /* Preview Assets.xcassets */; };
		167EA70727D88A0400C90E5D /* HomeScreen.swift in Sources */ = {isa = PBXBuildFile; fileRef = 167EA70627D88A0400C90E5D /* HomeScreen.swift */; };
		167EA70A27D88D6900C90E5D /* SidebarView.swift in Sources */ = {isa = PBXBuildFile; fileRef = 167EA70927D88D6900C90E5D /* SidebarView.swift */; };
		167EA70D27D9E40C00C90E5D /* RemindersModel.xcdatamodeld in Sources */ = {isa = PBXBuildFile; fileRef = 167EA70B27D9E40C00C90E5D /* RemindersModel.xcdatamodeld */; };
		167EA71027DA39E700C90E5D /* MyList.swift in Sources */ = {isa = PBXBuildFile; fileRef = 167EA70F27DA39E700C90E5D /* MyList.swift */; };
		16E8F75827DD67BE0095CE80 /* CoreDataManager.swift in Sources */ = {isa = PBXBuildFile; fileRef = 16E8F75727DD67BE0095CE80 /* CoreDataManager.swift */; };
		16E8F75B27DD83E40095CE80 /* AddNewListViewModel.swift in Sources */ = {isa = PBXBuildFile; fileRef = 16E8F75A27DD83E40095CE80 /* AddNewListViewModel.swift */; };
		16E8F75D27DDD1590095CE80 /* BaseModel.swift in Sources */ = {isa = PBXBuildFile; fileRef = 16E8F75C27DDD1590095CE80 /* BaseModel.swift */; };
/* End PBXBuildFile section */

/* Begin PBXFileReference section */
		1634A24B27E02BED0042DC40 /* AddNewListView.swift */ = {isa = PBXFileReference; lastKnownFileType = sourcecode.swift; path = AddNewListView.swift; sourceTree = "<group>"; };
		1634A24D27E030620042DC40 /* ColorListView.swift */ = {isa = PBXFileReference; lastKnownFileType = sourcecode.swift; path = ColorListView.swift; sourceTree = "<group>"; };
		1634A25027E061B80042DC40 /* Constants.swift */ = {isa = PBXFileReference; lastKnownFileType = sourcecode.swift; path = Constants.swift; sourceTree = "<group>"; };
		16706FB427E21A850033CCFE /* NSColorTransformer.swift */ = {isa = PBXFileReference; lastKnownFileType = sourcecode.swift; path = NSColorTransformer.swift; sourceTree = "<group>"; };
		167C382E27E3169B0046532E /* MyListsViewModel.swift */ = {isa = PBXFileReference; lastKnownFileType = sourcecode.swift; path = MyListsViewModel.swift; sourceTree = "<group>"; };
		167C383027E388E70046532E /* MyListViewModel.swift */ = {isa = PBXFileReference; lastKnownFileType = sourcecode.swift; path = MyListViewModel.swift; sourceTree = "<group>"; };
		167EA6F327D889A000C90E5D /* Reminders.app */ = {isa = PBXFileReference; explicitFileType = wrapper.application; includeInIndex = 0; path = Reminders.app; sourceTree = BUILT_PRODUCTS_DIR; };
		167EA6F627D889A000C90E5D /* RemindersApp.swift */ = {isa = PBXFileReference; lastKnownFileType = sourcecode.swift; path = RemindersApp.swift; sourceTree = "<group>"; };
		167EA6FA27D889A300C90E5D /* Assets.xcassets */ = {isa = PBXFileReference; lastKnownFileType = folder.assetcatalog; path = Assets.xcassets; sourceTree = "<group>"; };
		167EA6FD27D889A300C90E5D /* Preview Assets.xcassets */ = {isa = PBXFileReference; lastKnownFileType = folder.assetcatalog; path = "Preview Assets.xcassets"; sourceTree = "<group>"; };
		167EA6FF27D889A300C90E5D /* Reminders.entitlements */ = {isa = PBXFileReference; lastKnownFileType = text.plist.entitlements; path = Reminders.entitlements; sourceTree = "<group>"; };
		167EA70627D88A0400C90E5D /* HomeScreen.swift */ = {isa = PBXFileReference; lastKnownFileType = sourcecode.swift; path = HomeScreen.swift; sourceTree = "<group>"; };
		167EA70927D88D6900C90E5D /* SidebarView.swift */ = {isa = PBXFileReference; lastKnownFileType = sourcecode.swift; path = SidebarView.swift; sourceTree = "<group>"; };
		167EA70C27D9E40C00C90E5D /* RemindersModel.xcdatamodel */ = {isa = PBXFileReference; lastKnownFileType = wrapper.xcdatamodel; path = RemindersModel.xcdatamodel; sourceTree = "<group>"; };
		167EA70F27DA39E700C90E5D /* MyList.swift */ = {isa = PBXFileReference; lastKnownFileType = sourcecode.swift; path = MyList.swift; sourceTree = "<group>"; };
		16E8F75727DD67BE0095CE80 /* CoreDataManager.swift */ = {isa = PBXFileReference; lastKnownFileType = sourcecode.swift; path = CoreDataManager.swift; sourceTree = "<group>"; };
		16E8F75A27DD83E40095CE80 /* AddNewListViewModel.swift */ = {isa = PBXFileReference; lastKnownFileType = sourcecode.swift; path = AddNewListViewModel.swift; sourceTree = "<group>"; };
		16E8F75C27DDD1590095CE80 /* BaseModel.swift */ = {isa = PBXFileReference; lastKnownFileType = sourcecode.swift; path = BaseModel.swift; sourceTree = "<group>"; };
/* End PBXFileReference section */

/* Begin PBXFrameworksBuildPhase section */
		167EA6F027D889A000C90E5D /* Frameworks */ = {
			isa = PBXFrameworksBuildPhase;
			buildActionMask = 2147483647;
			files = (
			);
			runOnlyForDeploymentPostprocessing = 0;
		};
/* End PBXFrameworksBuildPhase section */

/* Begin PBXGroup section */
		1634A24F27E061980042DC40 /* Utils */ = {
			isa = PBXGroup;
			children = (
				1634A25027E061B80042DC40 /* Constants.swift */,
			);
			path = Utils;
			sourceTree = "<group>";
		};
		16706FB327E21A550033CCFE /* Transformers */ = {
			isa = PBXGroup;
			children = (
				16706FB427E21A850033CCFE /* NSColorTransformer.swift */,
			);
			path = Transformers;
			sourceTree = "<group>";
		};
		167EA6EA27D889A000C90E5D = {
			isa = PBXGroup;
			children = (
				167EA6F527D889A000C90E5D /* Reminders */,
				167EA6F427D889A000C90E5D /* Products */,
			);
			sourceTree = "<group>";
		};
		167EA6F427D889A000C90E5D /* Products */ = {
			isa = PBXGroup;
			children = (
				167EA6F327D889A000C90E5D /* Reminders.app */,
			);
			name = Products;
			sourceTree = "<group>";
		};
		167EA6F527D889A000C90E5D /* Reminders */ = {
			isa = PBXGroup;
			children = (
				16706FB327E21A550033CCFE /* Transformers */,
				1634A24F27E061980042DC40 /* Utils */,
				167EA70E27DA399600C90E5D /* Model */,
				16E8F75927DD6B890095CE80 /* View Models */,
				16E8F75627DD67780095CE80 /* Managers */,
				167EA70827D88D4600C90E5D /* Views */,
				167EA70527D889DC00C90E5D /* Screens */,
				167EA6F627D889A000C90E5D /* RemindersApp.swift */,
				167EA6FA27D889A300C90E5D /* Assets.xcassets */,
				167EA6FF27D889A300C90E5D /* Reminders.entitlements */,
				167EA6FC27D889A300C90E5D /* Preview Content */,
				167EA70B27D9E40C00C90E5D /* RemindersModel.xcdatamodeld */,
			);
			path = Reminders;
			sourceTree = "<group>";
		};
		167EA6FC27D889A300C90E5D /* Preview Content */ = {
			isa = PBXGroup;
			children = (
				167EA6FD27D889A300C90E5D /* Preview Assets.xcassets */,
			);
			path = "Preview Content";
			sourceTree = "<group>";
		};
		167EA70527D889DC00C90E5D /* Screens */ = {
			isa = PBXGroup;
			children = (
				167EA70627D88A0400C90E5D /* HomeScreen.swift */,
			);
			path = Screens;
			sourceTree = "<group>";
		};
		167EA70827D88D4600C90E5D /* Views */ = {
			isa = PBXGroup;
			children = (
				167EA70927D88D6900C90E5D /* SidebarView.swift */,
				1634A24B27E02BED0042DC40 /* AddNewListView.swift */,
				1634A24D27E030620042DC40 /* ColorListView.swift */,
			);
			path = Views;
			sourceTree = "<group>";
		};
		167EA70E27DA399600C90E5D /* Model */ = {
			isa = PBXGroup;
			children = (
				167EA70F27DA39E700C90E5D /* MyList.swift */,
				16E8F75C27DDD1590095CE80 /* BaseModel.swift */,
			);
			path = Model;
			sourceTree = "<group>";
		};
		16E8F75627DD67780095CE80 /* Managers */ = {
			isa = PBXGroup;
			children = (
				16E8F75727DD67BE0095CE80 /* CoreDataManager.swift */,
			);
			path = Managers;
			sourceTree = "<group>";
		};
		16E8F75927DD6B890095CE80 /* View Models */ = {
			isa = PBXGroup;
			children = (
				16E8F75A27DD83E40095CE80 /* AddNewListViewModel.swift */,
				167C382E27E3169B0046532E /* MyListsViewModel.swift */,
				167C383027E388E70046532E /* MyListViewModel.swift */,
			);
			path = "View Models";
			sourceTree = "<group>";
		};
/* End PBXGroup section */

/* Begin PBXNativeTarget section */
		167EA6F227D889A000C90E5D /* Reminders */ = {
			isa = PBXNativeTarget;
			buildConfigurationList = 167EA70227D889A300C90E5D /* Build configuration list for PBXNativeTarget "Reminders" */;
			buildPhases = (
				167EA6EF27D889A000C90E5D /* Sources */,
				167EA6F027D889A000C90E5D /* Frameworks */,
				167EA6F127D889A000C90E5D /* Resources */,
			);
			buildRules = (
			);
			dependencies = (
			);
			name = Reminders;
			productName = Reminders;
			productReference = 167EA6F327D889A000C90E5D /* Reminders.app */;
			productType = "com.apple.product-type.application";
		};
/* End PBXNativeTarget section */

/* Begin PBXProject section */
		167EA6EB27D889A000C90E5D /* Project object */ = {
			isa = PBXProject;
			attributes = {
				BuildIndependentTargetsInParallel = 1;
				LastSwiftUpdateCheck = 1320;
				LastUpgradeCheck = 1330;
				TargetAttributes = {
					167EA6F227D889A000C90E5D = {
						CreatedOnToolsVersion = 13.2.1;
					};
				};
			};
			buildConfigurationList = 167EA6EE27D889A000C90E5D /* Build configuration list for PBXProject "Reminders" */;
			compatibilityVersion = "Xcode 13.0";
			developmentRegion = en;
			hasScannedForEncodings = 0;
			knownRegions = (
				en,
				Base,
			);
			mainGroup = 167EA6EA27D889A000C90E5D;
			productRefGroup = 167EA6F427D889A000C90E5D /* Products */;
			projectDirPath = "";
			projectRoot = "";
			targets = (
				167EA6F227D889A000C90E5D /* Reminders */,
			);
		};
/* End PBXProject section */

/* Begin PBXResourcesBuildPhase section */
		167EA6F127D889A000C90E5D /* Resources */ = {
			isa = PBXResourcesBuildPhase;
			buildActionMask = 2147483647;
			files = (
				167EA6FE27D889A300C90E5D /* Preview Assets.xcassets in Resources */,
				167EA6FB27D889A300C90E5D /* Assets.xcassets in Resources */,
			);
			runOnlyForDeploymentPostprocessing = 0;
		};
/* End PBXResourcesBuildPhase section */

/* Begin PBXSourcesBuildPhase section */
		167EA6EF27D889A000C90E5D /* Sources */ = {
			isa = PBXSourcesBuildPhase;
			buildActionMask = 2147483647;
			files = (
				167C382F27E3169B0046532E /* MyListsViewModel.swift in Sources */,
				16E8F75827DD67BE0095CE80 /* CoreDataManager.swift in Sources */,
				167C383127E388E70046532E /* MyListViewModel.swift in Sources */,
				1634A25127E061B80042DC40 /* Constants.swift in Sources */,
				16E8F75B27DD83E40095CE80 /* AddNewListViewModel.swift in Sources */,
				167EA6F727D889A000C90E5D /* RemindersApp.swift in Sources */,
				1634A24C27E02BED0042DC40 /* AddNewListView.swift in Sources */,
				1634A24E27E030620042DC40 /* ColorListView.swift in Sources */,
				167EA70D27D9E40C00C90E5D /* RemindersModel.xcdatamodeld in Sources */,
				167EA70727D88A0400C90E5D /* HomeScreen.swift in Sources */,
				167EA70A27D88D6900C90E5D /* SidebarView.swift in Sources */,
				16E8F75D27DDD1590095CE80 /* BaseModel.swift in Sources */,
				16706FB527E21A850033CCFE /* NSColorTransformer.swift in Sources */,
				167EA71027DA39E700C90E5D /* MyList.swift in Sources */,
			);
			runOnlyForDeploymentPostprocessing = 0;
		};
/* End PBXSourcesBuildPhase section */

/* Begin XCBuildConfiguration section */
		167EA70027D889A300C90E5D /* Debug */ = {
			isa = XCBuildConfiguration;
			buildSettings = {
				ALWAYS_SEARCH_USER_PATHS = NO;
				CLANG_ANALYZER_NONNULL = YES;
				CLANG_ANALYZER_NUMBER_OBJECT_CONVERSION = YES_AGGRESSIVE;
				CLANG_CXX_LANGUAGE_STANDARD = "gnu++17";
				CLANG_CXX_LIBRARY = "libc++";
				CLANG_ENABLE_MODULES = YES;
				CLANG_ENABLE_OBJC_ARC = YES;
				CLANG_ENABLE_OBJC_WEAK = YES;
				CLANG_WARN_BLOCK_CAPTURE_AUTORELEASING = YES;
				CLANG_WARN_BOOL_CONVERSION = YES;
				CLANG_WARN_COMMA = YES;
				CLANG_WARN_CONSTANT_CONVERSION = YES;
				CLANG_WARN_DEPRECATED_OBJC_IMPLEMENTATIONS = YES;
				CLANG_WARN_DIRECT_OBJC_ISA_USAGE = YES_ERROR;
				CLANG_WARN_DOCUMENTATION_COMMENTS = YES;
				CLANG_WARN_EMPTY_BODY = YES;
				CLANG_WARN_ENUM_CONVERSION = YES;
				CLANG_WARN_INFINITE_RECURSION = YES;
				CLANG_WARN_INT_CONVERSION = YES;
				CLANG_WARN_NON_LITERAL_NULL_CONVERSION = YES;
				CLANG_WARN_OBJC_IMPLICIT_RETAIN_SELF = YES;
				CLANG_WARN_OBJC_LITERAL_CONVERSION = YES;
				CLANG_WARN_OBJC_ROOT_CLASS = YES_ERROR;
				CLANG_WARN_QUOTED_INCLUDE_IN_FRAMEWORK_HEADER = YES;
				CLANG_WARN_RANGE_LOOP_ANALYSIS = YES;
				CLANG_WARN_STRICT_PROTOTYPES = YES;
				CLANG_WARN_SUSPICIOUS_MOVE = YES;
				CLANG_WARN_UNGUARDED_AVAILABILITY = YES_AGGRESSIVE;
				CLANG_WARN_UNREACHABLE_CODE = YES;
				CLANG_WARN__DUPLICATE_METHOD_MATCH = YES;
				COPY_PHASE_STRIP = NO;
				DEBUG_INFORMATION_FORMAT = dwarf;
				ENABLE_STRICT_OBJC_MSGSEND = YES;
				ENABLE_TESTABILITY = YES;
				GCC_C_LANGUAGE_STANDARD = gnu11;
				GCC_DYNAMIC_NO_PIC = NO;
				GCC_NO_COMMON_BLOCKS = YES;
				GCC_OPTIMIZATION_LEVEL = 0;
				GCC_PREPROCESSOR_DEFINITIONS = (
					"DEBUG=1",
					"$(inherited)",
				);
				GCC_WARN_64_TO_32_BIT_CONVERSION = YES;
				GCC_WARN_ABOUT_RETURN_TYPE = YES_ERROR;
				GCC_WARN_UNDECLARED_SELECTOR = YES;
				GCC_WARN_UNINITIALIZED_AUTOS = YES_AGGRESSIVE;
				GCC_WARN_UNUSED_FUNCTION = YES;
				GCC_WARN_UNUSED_VARIABLE = YES;
				MACOSX_DEPLOYMENT_TARGET = 12.1;
				MTL_ENABLE_DEBUG_INFO = INCLUDE_SOURCE;
				MTL_FAST_MATH = YES;
				ONLY_ACTIVE_ARCH = YES;
				SDKROOT = macosx;
				SWIFT_ACTIVE_COMPILATION_CONDITIONS = DEBUG;
				SWIFT_OPTIMIZATION_LEVEL = "-Onone";
			};
			name = Debug;
		};
		167EA70127D889A300C90E5D /* Release */ = {
			isa = XCBuildConfiguration;
			buildSettings = {
				ALWAYS_SEARCH_USER_PATHS = NO;
				CLANG_ANALYZER_NONNULL = YES;
				CLANG_ANALYZER_NUMBER_OBJECT_CONVERSION = YES_AGGRESSIVE;
				CLANG_CXX_LANGUAGE_STANDARD = "gnu++17";
				CLANG_CXX_LIBRARY = "libc++";
				CLANG_ENABLE_MODULES = YES;
				CLANG_ENABLE_OBJC_ARC = YES;
				CLANG_ENABLE_OBJC_WEAK = YES;
				CLANG_WARN_BLOCK_CAPTURE_AUTORELEASING = YES;
				CLANG_WARN_BOOL_CONVERSION = YES;
				CLANG_WARN_COMMA = YES;
				CLANG_WARN_CONSTANT_CONVERSION = YES;
				CLANG_WARN_DEPRECATED_OBJC_IMPLEMENTATIONS = YES;
				CLANG_WARN_DIRECT_OBJC_ISA_USAGE = YES_ERROR;
				CLANG_WARN_DOCUMENTATION_COMMENTS = YES;
				CLANG_WARN_EMPTY_BODY = YES;
				CLANG_WARN_ENUM_CONVERSION = YES;
				CLANG_WARN_INFINITE_RECURSION = YES;
				CLANG_WARN_INT_CONVERSION = YES;
				CLANG_WARN_NON_LITERAL_NULL_CONVERSION = YES;
				CLANG_WARN_OBJC_IMPLICIT_RETAIN_SELF = YES;
				CLANG_WARN_OBJC_LITERAL_CONVERSION = YES;
				CLANG_WARN_OBJC_ROOT_CLASS = YES_ERROR;
				CLANG_WARN_QUOTED_INCLUDE_IN_FRAMEWORK_HEADER = YES;
				CLANG_WARN_RANGE_LOOP_ANALYSIS = YES;
				CLANG_WARN_STRICT_PROTOTYPES = YES;
				CLANG_WARN_SUSPICIOUS_MOVE = YES;
				CLANG_WARN_UNGUARDED_AVAILABILITY = YES_AGGRESSIVE;
				CLANG_WARN_UNREACHABLE_CODE = YES;
				CLANG_WARN__DUPLICATE_METHOD_MATCH = YES;
				COPY_PHASE_STRIP = NO;
				DEBUG_INFORMATION_FORMAT = "dwarf-with-dsym";
				ENABLE_NS_ASSERTIONS = NO;
				ENABLE_STRICT_OBJC_MSGSEND = YES;
				GCC_C_LANGUAGE_STANDARD = gnu11;
				GCC_NO_COMMON_BLOCKS = YES;
				GCC_WARN_64_TO_32_BIT_CONVERSION = YES;
				GCC_WARN_ABOUT_RETURN_TYPE = YES_ERROR;
				GCC_WARN_UNDECLARED_SELECTOR = YES;
				GCC_WARN_UNINITIALIZED_AUTOS = YES_AGGRESSIVE;
				GCC_WARN_UNUSED_FUNCTION = YES;
				GCC_WARN_UNUSED_VARIABLE = YES;
				MACOSX_DEPLOYMENT_TARGET = 12.1;
				MTL_ENABLE_DEBUG_INFO = NO;
				MTL_FAST_MATH = YES;
				SDKROOT = macosx;
				SWIFT_COMPILATION_MODE = wholemodule;
				SWIFT_OPTIMIZATION_LEVEL = "-O";
			};
			name = Release;
		};
		167EA70327D889A300C90E5D /* Debug */ = {
			isa = XCBuildConfiguration;
			buildSettings = {
				ASSETCATALOG_COMPILER_APPICON_NAME = AppIcon;
				ASSETCATALOG_COMPILER_GLOBAL_ACCENT_COLOR_NAME = AccentColor;
				CODE_SIGN_ENTITLEMENTS = Reminders/Reminders.entitlements;
				CODE_SIGN_IDENTITY = "-";
				CODE_SIGN_STYLE = Automatic;
				COMBINE_HIDPI_IMAGES = YES;
				CURRENT_PROJECT_VERSION = 1;
				DEVELOPMENT_ASSET_PATHS = "\"Reminders/Preview Content\"";
				DEVELOPMENT_TEAM = YH2L94SFDJ;
				ENABLE_HARDENED_RUNTIME = YES;
				ENABLE_PREVIEWS = YES;
				GENERATE_INFOPLIST_FILE = YES;
				INFOPLIST_KEY_NSHumanReadableCopyright = "";
				LD_RUNPATH_SEARCH_PATHS = (
					"$(inherited)",
					"@executable_path/../Frameworks",
				);
				MARKETING_VERSION = 1.0;
				PRODUCT_BUNDLE_IDENTIFIER = com.sanctuaryofdarkness.Reminders;
				PRODUCT_NAME = "$(TARGET_NAME)";
				SWIFT_EMIT_LOC_STRINGS = YES;
				SWIFT_VERSION = 5.0;
			};
			name = Debug;
		};
		167EA70427D889A300C90E5D /* Release */ = {
			isa = XCBuildConfiguration;
			buildSettings = {
				ASSETCATALOG_COMPILER_APPICON_NAME = AppIcon;
				ASSETCATALOG_COMPILER_GLOBAL_ACCENT_COLOR_NAME = AccentColor;
				CODE_SIGN_ENTITLEMENTS = Reminders/Reminders.entitlements;
				CODE_SIGN_IDENTITY = "-";
				CODE_SIGN_STYLE = Automatic;
				COMBINE_HIDPI_IMAGES = YES;
				CURRENT_PROJECT_VERSION = 1;
				DEVELOPMENT_ASSET_PATHS = "\"Reminders/Preview Content\"";
				DEVELOPMENT_TEAM = YH2L94SFDJ;
				ENABLE_HARDENED_RUNTIME = YES;
				ENABLE_PREVIEWS = YES;
				GENERATE_INFOPLIST_FILE = YES;
				INFOPLIST_KEY_NSHumanReadableCopyright = "";
				LD_RUNPATH_SEARCH_PATHS = (
					"$(inherited)",
					"@executable_path/../Frameworks",
				);
				MARKETING_VERSION = 1.0;
				PRODUCT_BUNDLE_IDENTIFIER = com.sanctuaryofdarkness.Reminders;
				PRODUCT_NAME = "$(TARGET_NAME)";
				SWIFT_EMIT_LOC_STRINGS = YES;
				SWIFT_VERSION = 5.0;
			};
			name = Release;
		};
/* End XCBuildConfiguration section */

/* Begin XCConfigurationList section */
		167EA6EE27D889A000C90E5D /* Build configuration list for PBXProject "Reminders" */ = {
			isa = XCConfigurationList;
			buildConfigurations = (
				167EA70027D889A300C90E5D /* Debug */,
				167EA70127D889A300C90E5D /* Release */,
			);
			defaultConfigurationIsVisible = 0;
			defaultConfigurationName = Release;
		};
		167EA70227D889A300C90E5D /* Build configuration list for PBXNativeTarget "Reminders" */ = {
			isa = XCConfigurationList;
			buildConfigurations = (
				167EA70327D889A300C90E5D /* Debug */,
				167EA70427D889A300C90E5D /* Release */,
			);
			defaultConfigurationIsVisible = 0;
			defaultConfigurationName = Release;
		};
/* End XCConfigurationList section */

/* Begin XCVersionGroup section */
		167EA70B27D9E40C00C90E5D /* RemindersModel.xcdatamodeld */ = {
			isa = XCVersionGroup;
			children = (
				167EA70C27D9E40C00C90E5D /* RemindersModel.xcdatamodel */,
			);
			currentVersion = 167EA70C27D9E40C00C90E5D /* RemindersModel.xcdatamodel */;
			path = RemindersModel.xcdatamodeld;
			sourceTree = "<group>";
			versionGroupType = wrapper.xcdatamodel;
		};
/* End XCVersionGroup section */
	};
	rootObject = 167EA6EB27D889A000C90E5D /* Project object */;
}
